
Microsoft Visual Studio Solution File, Format Version 11.00
# Visual Studio 2010
Project("{FAE04EC0-301F-11D3-BF4B-00C04F79EFBC}") = "OGL-SP", "Source\OGL-SP.csproj", "{5C936130-B3BF-4AC5-96ED-7BFB0F2B93BF}"
EndProject
Project("{FAE04EC0-301F-11D3-BF4B-00C04F79EFBC}") = "OpenTK", "..\..\..\Local\opentk-2014-07-23\Source\OpenTK\OpenTK.csproj", "{A37A7E14-0000-0000-0000-000000000000}"
EndProject
Project("{2150E333-8FDC-42A3-9474-1A3956D46DE8}") = "Data", "Data", "{FC9940EE-3F28-4A23-83A9-436B5920F395}"
EndProject
Project("{2150E333-8FDC-42A3-9474-1A3956D46DE8}") = "GL430", "GL430", "{39AD7417-BBD7-45C1-A5B6-C67EE450DCE3}"
	ProjectSection(SolutionItems) = preProject
		Data\GL430\atomic-counter.frag = Data\GL430\atomic-counter.frag
		Data\GL430\atomic-counter.vert = Data\GL430\atomic-counter.vert
	EndProjectSection
EndProject
Global
	GlobalSection(SolutionConfigurationPlatforms) = preSolution
		Debug|Any CPU = Debug|Any CPU
		Debug|Mixed Platforms = Debug|Mixed Platforms
		Debug|x86 = Debug|x86
		Documentation|Any CPU = Documentation|Any CPU
		Documentation|Mixed Platforms = Documentation|Mixed Platforms
		Documentation|x86 = Documentation|x86
		Nsis|Any CPU = Nsis|Any CPU
		Nsis|Mixed Platforms = Nsis|Mixed Platforms
		Nsis|x86 = Nsis|x86
		Release|Any CPU = Release|Any CPU
		Release|Mixed Platforms = Release|Mixed Platforms
		Release|x86 = Release|x86
	EndGlobalSection
	GlobalSection(ProjectConfigurationPlatforms) = postSolution
		{5C936130-B3BF-4AC5-96ED-7BFB0F2B93BF}.Debug|Any CPU.ActiveCfg = Debug|x86
		{5C936130-B3BF-4AC5-96ED-7BFB0F2B93BF}.Debug|Mixed Platforms.ActiveCfg = Debug|x86
		{5C936130-B3BF-4AC5-96ED-7BFB0F2B93BF}.Debug|Mixed Platforms.Build.0 = Debug|x86
		{5C936130-B3BF-4AC5-96ED-7BFB0F2B93BF}.Debug|x86.ActiveCfg = Debug|x86
		{5C936130-B3BF-4AC5-96ED-7BFB0F2B93BF}.Debug|x86.Build.0 = Debug|x86
		{5C936130-B3BF-4AC5-96ED-7BFB0F2B93BF}.Documentation|Any CPU.ActiveCfg = Debug|x86
		{5C936130-B3BF-4AC5-96ED-7BFB0F2B93BF}.Documentation|Mixed Platforms.ActiveCfg = Debug|x86
		{5C936130-B3BF-4AC5-96ED-7BFB0F2B93BF}.Documentation|Mixed Platforms.Build.0 = Debug|x86
		{5C936130-B3BF-4AC5-96ED-7BFB0F2B93BF}.Documentation|x86.ActiveCfg = Debug|x86
		{5C936130-B3BF-4AC5-96ED-7BFB0F2B93BF}.Documentation|x86.Build.0 = Debug|x86
		{5C936130-B3BF-4AC5-96ED-7BFB0F2B93BF}.Nsis|Any CPU.ActiveCfg = Release|x86
		{5C936130-B3BF-4AC5-96ED-7BFB0F2B93BF}.Nsis|Mixed Platforms.ActiveCfg = Release|x86
		{5C936130-B3BF-4AC5-96ED-7BFB0F2B93BF}.Nsis|Mixed Platforms.Build.0 = Release|x86
		{5C936130-B3BF-4AC5-96ED-7BFB0F2B93BF}.Nsis|x86.ActiveCfg = Release|x86
		{5C936130-B3BF-4AC5-96ED-7BFB0F2B93BF}.Nsis|x86.Build.0 = Release|x86
		{5C936130-B3BF-4AC5-96ED-7BFB0F2B93BF}.Release|Any CPU.ActiveCfg = Release|x86
		{5C936130-B3BF-4AC5-96ED-7BFB0F2B93BF}.Release|Mixed Platforms.ActiveCfg = Release|x86
		{5C936130-B3BF-4AC5-96ED-7BFB0F2B93BF}.Release|Mixed Platforms.Build.0 = Release|x86
		{5C936130-B3BF-4AC5-96ED-7BFB0F2B93BF}.Release|x86.ActiveCfg = Release|x86
		{5C936130-B3BF-4AC5-96ED-7BFB0F2B93BF}.Release|x86.Build.0 = Release|x86
		{A37A7E14-0000-0000-0000-000000000000}.Debug|Any CPU.ActiveCfg = Debug|Any CPU
		{A37A7E14-0000-0000-0000-000000000000}.Debug|Any CPU.Build.0 = Debug|Any CPU
		{A37A7E14-0000-0000-0000-000000000000}.Debug|Mixed Platforms.ActiveCfg = Debug|Any CPU
		{A37A7E14-0000-0000-0000-000000000000}.Debug|Mixed Platforms.Build.0 = Debug|Any CPU
		{A37A7E14-0000-0000-0000-000000000000}.Debug|x86.ActiveCfg = Debug|Any CPU
		{A37A7E14-0000-0000-0000-000000000000}.Documentation|Any CPU.ActiveCfg = Documentation|Any CPU
		{A37A7E14-0000-0000-0000-000000000000}.Documentation|Any CPU.Build.0 = Documentation|Any CPU
		{A37A7E14-0000-0000-0000-000000000000}.Documentation|Mixed Platforms.ActiveCfg = Documentation|Any CPU
		{A37A7E14-0000-0000-0000-000000000000}.Documentation|Mixed Platforms.Build.0 = Documentation|Any CPU
		{A37A7E14-0000-0000-0000-000000000000}.Documentation|x86.ActiveCfg = Documentation|Any CPU
		{A37A7E14-0000-0000-0000-000000000000}.Nsis|Any CPU.ActiveCfg = Nsis|Any CPU
		{A37A7E14-0000-0000-0000-000000000000}.Nsis|Any CPU.Build.0 = Nsis|Any CPU
		{A37A7E14-0000-0000-0000-000000000000}.Nsis|Mixed Platforms.ActiveCfg = Nsis|Any CPU
		{A37A7E14-0000-0000-0000-000000000000}.Nsis|Mixed Platforms.Build.0 = Nsis|Any CPU
		{A37A7E14-0000-0000-0000-000000000000}.Nsis|x86.ActiveCfg = Nsis|Any CPU
		{A37A7E14-0000-0000-0000-000000000000}.Release|Any CPU.ActiveCfg = Release|Any CPU
		{A37A7E14-0000-0000-0000-000000000000}.Release|Any CPU.Build.0 = Release|Any CPU
		{A37A7E14-0000-0000-0000-000000000000}.Release|Mixed Platforms.ActiveCfg = Release|Any CPU
		{A37A7E14-0000-0000-0000-000000000000}.Release|Mixed Platforms.Build.0 = Release|Any CPU
		{A37A7E14-0000-0000-0000-000000000000}.Release|x86.ActiveCfg = Release|Any CPU
	EndGlobalSection
	GlobalSection(SolutionProperties) = preSolution
		HideSolutionNode = FALSE
	EndGlobalSection
	GlobalSection(NestedProjects) = preSolution
		{39AD7417-BBD7-45C1-A5B6-C67EE450DCE3} = {FC9940EE-3F28-4A23-83A9-436B5920F395}
	EndGlobalSection
EndGlobal
